
Microsoft Visual Studio Solution File, Format Version 12.00
# Visual Studio Version 17
VisualStudioVersion = 17.11.35327.3
MinimumVisualStudioVersion = 10.0.40219.1
Project("{8BC9CEB8-8B4A-11D0-8D11-00A0C91BC942}") = "TC1047_COM3", "TC1047_COM3\TC1047_COM3.vcxproj", "{F3CACA41-E6ED-4F8E-8A8C-5F01B85831D8}"
EndProject
Global
	GlobalSection(SolutionConfigurationPlatforms) = preSolution
		Debug|x64 = Debug|x64
		Debug|x86 = Debug|x86
		Release|x64 = Release|x64
		Release|x86 = Release|x86
	EndGlobalSection
	GlobalSection(ProjectConfigurationPlatforms) = postSolution
		{F3CACA41-E6ED-4F8E-8A8C-5F01B85831D8}.Debug|x64.ActiveCfg = Debug|x64
		{F3CACA41-E6ED-4F8E-8A8C-5F01B85831D8}.Debug|x64.Build.0 = Debug|x64
		{F3CACA41-E6ED-4F8E-8A8C-5F01B85831D8}.Debug|x86.ActiveCfg = Debug|Win32
		{F3CACA41-E6ED-4F8E-8A8C-5F01B85831D8}.Debug|x86.Build.0 = Debug|Win32
		{F3CACA41-E6ED-4F8E-8A8C-5F01B85831D8}.Release|x64.ActiveCfg = Release|x64
		{F3CACA41-E6ED-4F8E-8A8C-5F01B85831D8}.Release|x64.Build.0 = Release|x64
		{F3CACA41-E6ED-4F8E-8A8C-5F01B85831D8}.Release|x86.ActiveCfg = Release|Win32
		{F3CACA41-E6ED-4F8E-8A8C-5F01B85831D8}.Release|x86.Build.0 = Release|Win32
	EndGlobalSection
	GlobalSection(SolutionProperties) = preSolution
		HideSolutionNode = FALSE
	EndGlobalSection
	GlobalSection(ExtensibilityGlobals) = postSolution
		SolutionGuid = {A6DDC06C-EE4A-4208-9D06-77E5F4D52D88}
	EndGlobalSection
EndGlobal
